
Microsoft Visual Studio Solution File, Format Version 12.00
# Visual Studio Version 17
VisualStudioVersion = 17.2.32526.322
MinimumVisualStudioVersion = 10.0.40219.1
Project("{FAE04EC0-301F-11D3-BF4B-00C04F79EFBC}") = "webapp2", "webapp2\webapp2.csproj", "{FA6C5152-3B8E-4A4C-9930-7418A35A5879}"
EndProject
Global
	GlobalSection(SolutionConfigurationPlatforms) = preSolution
		Debug|Any CPU = Debug|Any CPU
		Release|Any CPU = Release|Any CPU
	EndGlobalSection
	GlobalSection(ProjectConfigurationPlatforms) = postSolution
		{FA6C5152-3B8E-4A4C-9930-7418A35A5879}.Debug|Any CPU.ActiveCfg = Debug|Any CPU
		{FA6C5152-3B8E-4A4C-9930-7418A35A5879}.Debug|Any CPU.Build.0 = Debug|Any CPU
		{FA6C5152-3B8E-4A4C-9930-7418A35A5879}.Release|Any CPU.ActiveCfg = Release|Any CPU
		{FA6C5152-3B8E-4A4C-9930-7418A35A5879}.Release|Any CPU.Build.0 = Release|Any CPU
	EndGlobalSection
	GlobalSection(SolutionProperties) = preSolution
		HideSolutionNode = FALSE
	EndGlobalSection
	GlobalSection(ExtensibilityGlobals) = postSolution
		SolutionGuid = {9CFE725C-AAA7-4D6A-984B-B89160F1A6D5}
	EndGlobalSection
EndGlobal
